
Microsoft Visual Studio Solution File, Format Version 12.00
# Visual Studio Version 16
VisualStudioVersion = 16.0.31105.61
MinimumVisualStudioVersion = 10.0.40219.1
Project("{FAE04EC0-301F-11D3-BF4B-00C04F79EFBC}") = "Eprodaja", "Eprodaja\Eprodaja.csproj", "{C945B87A-C928-428E-8E77-A9D95358A7F0}"
EndProject
Global
	GlobalSection(SolutionConfigurationPlatforms) = preSolution
		Debug|Any CPU = Debug|Any CPU
		Release|Any CPU = Release|Any CPU
	EndGlobalSection
	GlobalSection(ProjectConfigurationPlatforms) = postSolution
		{C945B87A-C928-428E-8E77-A9D95358A7F0}.Debug|Any CPU.ActiveCfg = Debug|Any CPU
		{C945B87A-C928-428E-8E77-A9D95358A7F0}.Debug|Any CPU.Build.0 = Debug|Any CPU
		{C945B87A-C928-428E-8E77-A9D95358A7F0}.Release|Any CPU.ActiveCfg = Release|Any CPU
		{C945B87A-C928-428E-8E77-A9D95358A7F0}.Release|Any CPU.Build.0 = Release|Any CPU
	EndGlobalSection
	GlobalSection(SolutionProperties) = preSolution
		HideSolutionNode = FALSE
	EndGlobalSection
	GlobalSection(ExtensibilityGlobals) = postSolution
		SolutionGuid = {D6E2F5D9-4500-4234-8F27-E9DF03F401C9}
	EndGlobalSection
EndGlobal
